
Microsoft Visual Studio Solution File, Format Version 12.00
# Visual Studio Version 16
VisualStudioVersion = 16.0.32228.343
MinimumVisualStudioVersion = 10.0.40219.1
Project("{9A19103F-16F7-4668-BE54-9A1E7A4F7556}") = "Delegados", "Delegados\Delegados.csproj", "{37C4E236-1A36-4C9D-ADD2-DC40F4319FB4}"
EndProject
Project("{9A19103F-16F7-4668-BE54-9A1E7A4F7556}") = "Predicates", "Predicates\Predicates.csproj", "{07180C4F-E100-4506-A6D9-DB639EA5FF9A}"
EndProject
Project("{9A19103F-16F7-4668-BE54-9A1E7A4F7556}") = "PredicateWithClasses", "PredicateWithClasses\PredicateWithClasses.csproj", "{D15FD6CB-2D08-4A34-A7A0-D912686B55BB}"
EndProject
Project("{9A19103F-16F7-4668-BE54-9A1E7A4F7556}") = "PredicateApplication", "PredicateApplication\PredicateApplication.csproj", "{4FCD545B-E455-4359-809E-93357E8A0D1C}"
EndProject
Project("{9A19103F-16F7-4668-BE54-9A1E7A4F7556}") = "LambdaExpressions", "LambdaExpressions\LambdaExpressions.csproj", "{362A0741-976F-41F3-9F7E-82F9A47C7F46}"
EndProject
Project("{9A19103F-16F7-4668-BE54-9A1E7A4F7556}") = "CalculadoraPerimetros", "CalculadoraPerimetros\CalculadoraPerimetros.csproj", "{40DFC6D5-F83E-46C9-9E42-232CB826CDA1}"
EndProject
Project("{9A19103F-16F7-4668-BE54-9A1E7A4F7556}") = "RegularExpressions", "RegularExpressions\RegularExpressions.csproj", "{536373E7-323E-46BD-B841-61FFA6762B17}"
EndProject
Project("{9A19103F-16F7-4668-BE54-9A1E7A4F7556}") = "WorkingWithDates", "WorkingWithDates\WorkingWithDates.csproj", "{79B1BEB3-8F04-44DE-B144-C197D8653A4A}"
EndProject
Project("{9A19103F-16F7-4668-BE54-9A1E7A4F7556}") = "Asincrono", "Asincrono\Asincrono.csproj", "{2380821A-44E0-40C9-B1C9-35EDC485ADAB}"
EndProject
Project("{9A19103F-16F7-4668-BE54-9A1E7A4F7556}") = "Reminder", "Reminder\Reminder.csproj", "{3DBFCF52-28CC-459A-B544-25153CF26A02}"
EndProject
Project("{9A19103F-16F7-4668-BE54-9A1E7A4F7556}") = "TestParallelism", "TestParallelism\TestParallelism.csproj", "{2B97272D-2F72-4CAA-A60E-85F1667AB810}"
EndProject
Project("{FAE04EC0-301F-11D3-BF4B-00C04F79EFBC}") = "POO", "POO\POO.csproj", "{3CC6218D-91DF-4212-9BC8-37A3E1EBA557}"
EndProject
Project("{FAE04EC0-301F-11D3-BF4B-00C04F79EFBC}") = "BankApp", "BankApp\BankApp.csproj", "{D586F15A-EB1A-41A6-84A1-2893EA21D049}"
EndProject
Project("{FAE04EC0-301F-11D3-BF4B-00C04F79EFBC}") = "SistemaEmpleados", "SistemaEmpleados\SistemaEmpleados.csproj", "{59EC8393-4DDD-40CD-8422-11A797AE8862}"
EndProject
Global
	GlobalSection(SolutionConfigurationPlatforms) = preSolution
		Debug|Any CPU = Debug|Any CPU
		Release|Any CPU = Release|Any CPU
	EndGlobalSection
	GlobalSection(ProjectConfigurationPlatforms) = postSolution
		{37C4E236-1A36-4C9D-ADD2-DC40F4319FB4}.Debug|Any CPU.ActiveCfg = Debug|Any CPU
		{37C4E236-1A36-4C9D-ADD2-DC40F4319FB4}.Debug|Any CPU.Build.0 = Debug|Any CPU
		{37C4E236-1A36-4C9D-ADD2-DC40F4319FB4}.Release|Any CPU.ActiveCfg = Release|Any CPU
		{37C4E236-1A36-4C9D-ADD2-DC40F4319FB4}.Release|Any CPU.Build.0 = Release|Any CPU
		{07180C4F-E100-4506-A6D9-DB639EA5FF9A}.Debug|Any CPU.ActiveCfg = Debug|Any CPU
		{07180C4F-E100-4506-A6D9-DB639EA5FF9A}.Debug|Any CPU.Build.0 = Debug|Any CPU
		{07180C4F-E100-4506-A6D9-DB639EA5FF9A}.Release|Any CPU.ActiveCfg = Release|Any CPU
		{07180C4F-E100-4506-A6D9-DB639EA5FF9A}.Release|Any CPU.Build.0 = Release|Any CPU
		{D15FD6CB-2D08-4A34-A7A0-D912686B55BB}.Debug|Any CPU.ActiveCfg = Debug|Any CPU
		{D15FD6CB-2D08-4A34-A7A0-D912686B55BB}.Debug|Any CPU.Build.0 = Debug|Any CPU
		{D15FD6CB-2D08-4A34-A7A0-D912686B55BB}.Release|Any CPU.ActiveCfg = Release|Any CPU
		{D15FD6CB-2D08-4A34-A7A0-D912686B55BB}.Release|Any CPU.Build.0 = Release|Any CPU
		{4FCD545B-E455-4359-809E-93357E8A0D1C}.Debug|Any CPU.ActiveCfg = Debug|Any CPU
		{4FCD545B-E455-4359-809E-93357E8A0D1C}.Debug|Any CPU.Build.0 = Debug|Any CPU
		{4FCD545B-E455-4359-809E-93357E8A0D1C}.Release|Any CPU.ActiveCfg = Release|Any CPU
		{4FCD545B-E455-4359-809E-93357E8A0D1C}.Release|Any CPU.Build.0 = Release|Any CPU
		{362A0741-976F-41F3-9F7E-82F9A47C7F46}.Debug|Any CPU.ActiveCfg = Debug|Any CPU
		{362A0741-976F-41F3-9F7E-82F9A47C7F46}.Debug|Any CPU.Build.0 = Debug|Any CPU
		{362A0741-976F-41F3-9F7E-82F9A47C7F46}.Release|Any CPU.ActiveCfg = Release|Any CPU
		{362A0741-976F-41F3-9F7E-82F9A47C7F46}.Release|Any CPU.Build.0 = Release|Any CPU
		{40DFC6D5-F83E-46C9-9E42-232CB826CDA1}.Debug|Any CPU.ActiveCfg = Debug|Any CPU
		{40DFC6D5-F83E-46C9-9E42-232CB826CDA1}.Debug|Any CPU.Build.0 = Debug|Any CPU
		{40DFC6D5-F83E-46C9-9E42-232CB826CDA1}.Release|Any CPU.ActiveCfg = Release|Any CPU
		{40DFC6D5-F83E-46C9-9E42-232CB826CDA1}.Release|Any CPU.Build.0 = Release|Any CPU
		{536373E7-323E-46BD-B841-61FFA6762B17}.Debug|Any CPU.ActiveCfg = Debug|Any CPU
		{536373E7-323E-46BD-B841-61FFA6762B17}.Debug|Any CPU.Build.0 = Debug|Any CPU
		{536373E7-323E-46BD-B841-61FFA6762B17}.Release|Any CPU.ActiveCfg = Release|Any CPU
		{536373E7-323E-46BD-B841-61FFA6762B17}.Release|Any CPU.Build.0 = Release|Any CPU
		{79B1BEB3-8F04-44DE-B144-C197D8653A4A}.Debug|Any CPU.ActiveCfg = Debug|Any CPU
		{79B1BEB3-8F04-44DE-B144-C197D8653A4A}.Debug|Any CPU.Build.0 = Debug|Any CPU
		{79B1BEB3-8F04-44DE-B144-C197D8653A4A}.Release|Any CPU.ActiveCfg = Release|Any CPU
		{79B1BEB3-8F04-44DE-B144-C197D8653A4A}.Release|Any CPU.Build.0 = Release|Any CPU
		{2380821A-44E0-40C9-B1C9-35EDC485ADAB}.Debug|Any CPU.ActiveCfg = Debug|Any CPU
		{2380821A-44E0-40C9-B1C9-35EDC485ADAB}.Debug|Any CPU.Build.0 = Debug|Any CPU
		{2380821A-44E0-40C9-B1C9-35EDC485ADAB}.Release|Any CPU.ActiveCfg = Release|Any CPU
		{2380821A-44E0-40C9-B1C9-35EDC485ADAB}.Release|Any CPU.Build.0 = Release|Any CPU
		{3DBFCF52-28CC-459A-B544-25153CF26A02}.Debug|Any CPU.ActiveCfg = Debug|Any CPU
		{3DBFCF52-28CC-459A-B544-25153CF26A02}.Debug|Any CPU.Build.0 = Debug|Any CPU
		{3DBFCF52-28CC-459A-B544-25153CF26A02}.Release|Any CPU.ActiveCfg = Release|Any CPU
		{3DBFCF52-28CC-459A-B544-25153CF26A02}.Release|Any CPU.Build.0 = Release|Any CPU
		{2B97272D-2F72-4CAA-A60E-85F1667AB810}.Debug|Any CPU.ActiveCfg = Debug|Any CPU
		{2B97272D-2F72-4CAA-A60E-85F1667AB810}.Debug|Any CPU.Build.0 = Debug|Any CPU
		{2B97272D-2F72-4CAA-A60E-85F1667AB810}.Release|Any CPU.ActiveCfg = Release|Any CPU
		{2B97272D-2F72-4CAA-A60E-85F1667AB810}.Release|Any CPU.Build.0 = Release|Any CPU
		{3CC6218D-91DF-4212-9BC8-37A3E1EBA557}.Debug|Any CPU.ActiveCfg = Debug|Any CPU
		{3CC6218D-91DF-4212-9BC8-37A3E1EBA557}.Debug|Any CPU.Build.0 = Debug|Any CPU
		{3CC6218D-91DF-4212-9BC8-37A3E1EBA557}.Release|Any CPU.ActiveCfg = Release|Any CPU
		{3CC6218D-91DF-4212-9BC8-37A3E1EBA557}.Release|Any CPU.Build.0 = Release|Any CPU
		{D586F15A-EB1A-41A6-84A1-2893EA21D049}.Debug|Any CPU.ActiveCfg = Debug|Any CPU
		{D586F15A-EB1A-41A6-84A1-2893EA21D049}.Debug|Any CPU.Build.0 = Debug|Any CPU
		{D586F15A-EB1A-41A6-84A1-2893EA21D049}.Release|Any CPU.ActiveCfg = Release|Any CPU
		{D586F15A-EB1A-41A6-84A1-2893EA21D049}.Release|Any CPU.Build.0 = Release|Any CPU
		{59EC8393-4DDD-40CD-8422-11A797AE8862}.Debug|Any CPU.ActiveCfg = Debug|Any CPU
		{59EC8393-4DDD-40CD-8422-11A797AE8862}.Debug|Any CPU.Build.0 = Debug|Any CPU
		{59EC8393-4DDD-40CD-8422-11A797AE8862}.Release|Any CPU.ActiveCfg = Release|Any CPU
		{59EC8393-4DDD-40CD-8422-11A797AE8862}.Release|Any CPU.Build.0 = Release|Any CPU
	EndGlobalSection
	GlobalSection(SolutionProperties) = preSolution
		HideSolutionNode = FALSE
	EndGlobalSection
	GlobalSection(ExtensibilityGlobals) = postSolution
		SolutionGuid = {B1BE079E-0711-48F0-B77D-50BDE1D603A6}
	EndGlobalSection
EndGlobal
